
Microsoft Visual Studio Solution File, Format Version 12.00
# Visual Studio 15
VisualStudioVersion = 15.0.28010.2026
MinimumVisualStudioVersion = 10.0.40219.1
Project("{8BC9CEB8-8B4A-11D0-8D11-00A0C91BC942}") = "FirstTest", "FirstTest\FirstTest.vcxproj", "{B05FD1EE-9369-4287-B70F-9FD9E2629062}"
EndProject
Global
	GlobalSection(SolutionConfigurationPlatforms) = preSolution
		Debug|ARM = Debug|ARM
		Debug|ARM64 = Debug|ARM64
		Release|ARM = Release|ARM
		Release|ARM64 = Release|ARM64
	EndGlobalSection
	GlobalSection(ProjectConfigurationPlatforms) = postSolution
		{B05FD1EE-9369-4287-B70F-9FD9E2629062}.Debug|ARM.ActiveCfg = Debug|ARM
		{B05FD1EE-9369-4287-B70F-9FD9E2629062}.Debug|ARM.Build.0 = Debug|ARM
		{B05FD1EE-9369-4287-B70F-9FD9E2629062}.Debug|ARM64.ActiveCfg = Debug|ARM64
		{B05FD1EE-9369-4287-B70F-9FD9E2629062}.Debug|ARM64.Build.0 = Debug|ARM64
		{B05FD1EE-9369-4287-B70F-9FD9E2629062}.Release|ARM.ActiveCfg = Release|ARM
		{B05FD1EE-9369-4287-B70F-9FD9E2629062}.Release|ARM.Build.0 = Release|ARM
		{B05FD1EE-9369-4287-B70F-9FD9E2629062}.Release|ARM64.ActiveCfg = Release|ARM64
		{B05FD1EE-9369-4287-B70F-9FD9E2629062}.Release|ARM64.Build.0 = Release|ARM64
	EndGlobalSection
	GlobalSection(SolutionProperties) = preSolution
		HideSolutionNode = FALSE
	EndGlobalSection
	GlobalSection(ExtensibilityGlobals) = postSolution
		SolutionGuid = {82C76187-47B1-42C9-9702-8AAA9E4A865E}
	EndGlobalSection
EndGlobal
